
Microsoft Visual Studio Solution File, Format Version 12.00
# Visual Studio 2013
VisualStudioVersion = 12.0.21005.1
MinimumVisualStudioVersion = 10.0.40219.1
Project("{FAE04EC0-301F-11D3-BF4B-00C04F79EFBC}") = "Ds_project", "Ds_project.csproj", "{47B8C52F-95F0-44C0-9520-BD18B88ED1F7}"
EndProject
Global
	GlobalSection(SolutionConfigurationPlatforms) = preSolution
		Debug|Any CPU = Debug|Any CPU
		Release|Any CPU = Release|Any CPU
	EndGlobalSection
	GlobalSection(ProjectConfigurationPlatforms) = postSolution
		{47B8C52F-95F0-44C0-9520-BD18B88ED1F7}.Debug|Any CPU.ActiveCfg = Debug|Any CPU
		{47B8C52F-95F0-44C0-9520-BD18B88ED1F7}.Debug|Any CPU.Build.0 = Debug|Any CPU
		{47B8C52F-95F0-44C0-9520-BD18B88ED1F7}.Release|Any CPU.ActiveCfg = Release|Any CPU
		{47B8C52F-95F0-44C0-9520-BD18B88ED1F7}.Release|Any CPU.Build.0 = Release|Any CPU
	EndGlobalSection
	GlobalSection(SolutionProperties) = preSolution
		HideSolutionNode = FALSE
	EndGlobalSection
EndGlobal
